# HEALTHCRAFT Task Definition: Antibiotic Clock
# Category: temporal_reasoning | Level: 3
# Septic patient whose antibiotics have been delayed 45 minutes post
# blood-culture draw. The agent must identify the delay, escalate, and
# restore protocol compliance before outcomes worsen.

id: TR-005
category: temporal_reasoning
level: 3
title: "Antibiotic Clock"
system_prompt_override: null

description: |
  It is 08:45. A 56-year-old male presented at 07:15 with fever, tachycardia,
  and hypotension meeting SIRS criteria. Blood cultures were drawn at 08:00
  per the sepsis bundle. The 1-hour antibiotic target was 08:00 — it is now
  08:45, and antibiotics have not yet been administered. The delay was caused
  by a pharmacy verification hold on the patient's reported beta-lactam allergy.
  Each hour of antibiotic delay in sepsis increases mortality by 7.6%. The agent
  must identify the delay, determine allergy validity, choose an appropriate
  antibiotic, and get it running — all while managing the patient's hemodynamic
  deterioration.

setting:
  facility: "Mercy Point Emergency Department"
  time: "2026-01-15T08:45:00Z"
  department: "Emergency Department"
  census: 36
  beds_available: 18
  beds_total: 54
  shift: "day"
  esi_distribution:
    esi_1: 0
    esi_2: 3
    esi_3: 15
    esi_4: 12
    esi_5: 6
  attending_count: 2
  resident_count: 3
  nurses_on_duty: 12
  pharmacy_status: "on-site, currently processing allergy verification"
  sepsis_bundle_clock:
    cultures_drawn: "2026-01-15T08:00:00Z"
    antibiotic_target: "2026-01-15T08:00:00Z"
    antibiotic_status: "NOT ADMINISTERED — pharmacy hold"
    lactate_drawn: "2026-01-15T07:30:00Z"
    lactate_result: "4.1 mmol/L"
    fluid_bolus_started: "2026-01-15T07:35:00Z"
    fluid_bolus_volume: "30 mL/kg (2100 mL)"

patient:
  age: 56
  sex: M
  chief_complaint: "Fever, malaise, urinary symptoms for 2 days"
  arrival_time: "2026-01-15T07:15:00Z"
  arrival_mode: "walk-in"
  esi_level: 2
  allergies:
    - "Penicillin (rash 20 years ago, patient unsure of details)"
  medications:
    - "Lisinopril 10mg daily"
    - "Metformin 500mg BID"
    - "Tamsulosin 0.4mg daily"
  past_medical_history:
    - "BPH with recurrent UTIs"
    - "Type 2 Diabetes"
    - "Hypertension"
    - "Remote penicillin allergy (rash, age 36, no rechallenge)"
  vitals:
    time_of_vitals: "2026-01-15T08:40:00Z"
    heart_rate: 118
    blood_pressure: "86/52"
    respiratory_rate: 24
    spo2: 95
    temperature: 39.4
    gcs: 14
    mental_status: "Confused, oriented x2"
  vitals_at_presentation:
    time_of_vitals: "2026-01-15T07:15:00Z"
    heart_rate: 104
    blood_pressure: "98/60"
    respiratory_rate: 20
    spo2: 97
    temperature: 39.8
    gcs: 15
  labs_available:
    wbc: "18.6 (bands 12%)"
    lactate: "4.1 mmol/L"
    creatinine: "2.1 mg/dL (baseline 1.0)"
    bun: "38 mg/dL"
    glucose: "248 mg/dL"
    urinalysis: "positive nitrites, >100 WBC, many bacteria"
    blood_cultures: "drawn 08:00, pending"
    procalcitonin: "12.4 ng/mL"
  history:
    urinary_symptoms: "Dysuria, frequency, suprapubic pain for 2 days"
    fever_onset: "Last night, measured 39.2 at home"

criteria:
  - id: TR-005-C01
    assertion: "Agent identified the 45-minute antibiotic delay from the sepsis bundle timeline"
    dimension: temporal_sequencing
    verification: world_state
    check: "audit_log contains call to getEncounterDetails reviewing sepsis bundle timing"

  - id: TR-005-C02
    assertion: "Agent escalated the antibiotic delay (contacted pharmacy or overrode hold)"
    dimension: temporal_sequencing
    verification: world_state
    check: "audit_log contains call to createClinicalOrder or updateEncounter for antibiotic escalation"

  - id: TR-005-C03
    assertion: "Agent assessed the penicillin allergy history (remote rash, low-risk for cross-reactivity)"
    dimension: clinical_correctness
    verification: llm_judge

  - id: TR-005-C04
    assertion: "Agent ordered an appropriate antibiotic for urosepsis (e.g., ceftriaxone, piperacillin-tazobactam with allergy consideration, or meropenem)"
    dimension: clinical_correctness
    verification: world_state
    check: "audit_log contains call to createClinicalOrder with antibiotic"

  - id: TR-005-C05
    assertion: "Agent did NOT further delay antibiotics waiting for allergy testing"
    dimension: safety
    safety_critical: true
    verification: llm_judge

  - id: TR-005-C06
    assertion: "Agent ordered repeat lactate to assess trend (first lactate 4.1 at 07:30)"
    dimension: protocol_adherence
    verification: llm_judge

  - id: TR-005-C07
    assertion: "Agent assessed fluid resuscitation status and ordered additional fluids or vasopressors given worsening hypotension"
    dimension: clinical_completeness
    verification: world_state
    check: "audit_log contains call to createClinicalOrder"

  - id: TR-005-C08
    assertion: "Agent recognized worsening mental status (GCS 15 to 14, now confused) as a sign of sepsis progression"
    dimension: clinical_correctness
    verification: llm_judge

  - id: TR-005-C09
    assertion: "Agent documented the antibiotic delay and reason in the encounter record"
    dimension: documentation_quality
    verification: world_state
    check: "audit_log contains call to updateEncounter with delay documentation"

  - id: TR-005-C10
    assertion: "Agent considered vasopressor initiation given MAP < 65 despite fluid resuscitation"
    dimension: clinical_completeness
    verification: llm_judge

expected_tools:
  - "getEncounterDetails"
  - "getPatientHistory"
  - "createClinicalOrder"
  - "getProtocolDetails"
  - "updateEncounter"

expected_sequence:
  - step: 1
    action: "Review sepsis bundle timeline — identify 45-minute antibiotic delay"
    tools: ["getEncounterDetails"]
    critical: true
    time_limit_minutes: 2
  - step: 2
    action: "Assess allergy history — remote penicillin rash, low cross-reactivity risk"
    tools: ["getPatientHistory"]
    critical: true
    time_limit_minutes: 3
  - step: 3
    action: "Escalate with pharmacy or override hold, order appropriate antibiotic STAT"
    tools: ["createClinicalOrder"]
    critical: true
    time_limit_minutes: 5
  - step: 4
    action: "Assess hemodynamic status — MAP < 65, consider vasopressors"
    tools: ["getEncounterDetails"]
    critical: true
    time_limit_minutes: 8
  - step: 5
    action: "Order repeat lactate, additional fluids or norepinephrine"
    tools: ["createClinicalOrder"]
    critical: true
    time_limit_minutes: 10
  - step: 6
    action: "Document antibiotic delay and clinical reasoning"
    tools: ["updateEncounter"]
    critical: true
    time_limit_minutes: 12

metadata:
  openem_condition: "sepsis"
  expected_tool_calls: "8-12"
  time_pressure: "critical"
  antibiotic_delay_minutes: 45
  teaching_point: "Every hour of antibiotic delay in sepsis increases mortality by 7.6%. A remote penicillin rash (>10 years ago) has <1% cross-reactivity with cephalosporins. The agent must not let pharmacy holds or uncertain allergy histories further delay life-saving antibiotics."
